
Microsoft Visual Studio Solution File, Format Version 11.00
# Visual C++ Express 2010
Project("{8BC9CEB8-8B4A-11D0-8D11-00A0C91BC942}") = "JoystickResearch", "JoystickResearch\JoystickResearch.vcxproj", "{ADCA5636-317E-4247-94C9-22D2FA2D75AF}"
EndProject
Global
	GlobalSection(SolutionConfigurationPlatforms) = preSolution
		Debug|Win32 = Debug|Win32
		Release|Win32 = Release|Win32
	EndGlobalSection
	GlobalSection(ProjectConfigurationPlatforms) = postSolution
		{ADCA5636-317E-4247-94C9-22D2FA2D75AF}.Debug|Win32.ActiveCfg = Debug|Win32
		{ADCA5636-317E-4247-94C9-22D2FA2D75AF}.Debug|Win32.Build.0 = Debug|Win32
		{ADCA5636-317E-4247-94C9-22D2FA2D75AF}.Release|Win32.ActiveCfg = Release|Win32
		{ADCA5636-317E-4247-94C9-22D2FA2D75AF}.Release|Win32.Build.0 = Release|Win32
	EndGlobalSection
	GlobalSection(SolutionProperties) = preSolution
		HideSolutionNode = FALSE
	EndGlobalSection
EndGlobal
